
Microsoft Visual Studio Solution File, Format Version 12.00
# Visual Studio Version 16
VisualStudioVersion = 16.0.31112.23
MinimumVisualStudioVersion = 10.0.40219.1
Project("{FAE04EC0-301F-11D3-BF4B-00C04F79EFBC}") = "ManageMyHyper.Server", "ManageMyHyper\Server\ManageMyHyper.Server.csproj", "{3533F2B5-5DC9-4CC6-8FA0-75E5FB9D75A1}"
EndProject
Project("{FAE04EC0-301F-11D3-BF4B-00C04F79EFBC}") = "ManageMyHyper.Client", "ManageMyHyper\Client\ManageMyHyper.Client.csproj", "{641971CD-DB10-4777-86E1-AFB498005060}"
EndProject
Project("{FAE04EC0-301F-11D3-BF4B-00C04F79EFBC}") = "ManageMyHyper.Shared", "ManageMyHyper\Shared\ManageMyHyper.Shared.csproj", "{A8F10AE7-41B5-447F-87D0-098C7F659396}"
EndProject
Global
	GlobalSection(SolutionConfigurationPlatforms) = preSolution
		Debug|Any CPU = Debug|Any CPU
		Release|Any CPU = Release|Any CPU
	EndGlobalSection
	GlobalSection(ProjectConfigurationPlatforms) = postSolution
		{3533F2B5-5DC9-4CC6-8FA0-75E5FB9D75A1}.Debug|Any CPU.ActiveCfg = Debug|Any CPU
		{3533F2B5-5DC9-4CC6-8FA0-75E5FB9D75A1}.Debug|Any CPU.Build.0 = Debug|Any CPU
		{3533F2B5-5DC9-4CC6-8FA0-75E5FB9D75A1}.Release|Any CPU.ActiveCfg = Release|Any CPU
		{3533F2B5-5DC9-4CC6-8FA0-75E5FB9D75A1}.Release|Any CPU.Build.0 = Release|Any CPU
		{641971CD-DB10-4777-86E1-AFB498005060}.Debug|Any CPU.ActiveCfg = Debug|Any CPU
		{641971CD-DB10-4777-86E1-AFB498005060}.Debug|Any CPU.Build.0 = Debug|Any CPU
		{641971CD-DB10-4777-86E1-AFB498005060}.Release|Any CPU.ActiveCfg = Release|Any CPU
		{641971CD-DB10-4777-86E1-AFB498005060}.Release|Any CPU.Build.0 = Release|Any CPU
		{A8F10AE7-41B5-447F-87D0-098C7F659396}.Debug|Any CPU.ActiveCfg = Debug|Any CPU
		{A8F10AE7-41B5-447F-87D0-098C7F659396}.Debug|Any CPU.Build.0 = Debug|Any CPU
		{A8F10AE7-41B5-447F-87D0-098C7F659396}.Release|Any CPU.ActiveCfg = Release|Any CPU
		{A8F10AE7-41B5-447F-87D0-098C7F659396}.Release|Any CPU.Build.0 = Release|Any CPU
	EndGlobalSection
	GlobalSection(SolutionProperties) = preSolution
		HideSolutionNode = FALSE
	EndGlobalSection
	GlobalSection(ExtensibilityGlobals) = postSolution
		SolutionGuid = {3FD4536B-4105-4206-A4A8-BF8F5F516ABD}
	EndGlobalSection
EndGlobal
